// !$*UTF8*$!
{
	archiveVersion = 1;
	classes = {
	};
	objectVersion = 51;
	objects = {

/* Begin PBXBuildFile section */
		152031312679FF520060BC24 /* Requestable.swift in Sources */ = {isa = PBXBuildFile; fileRef = 152031302679FF520060BC24 /* Requestable.swift */; };
		15203134267A0CBD0060BC24 /* GetSearchUserRequest.swift in Sources */ = {isa = PBXBuildFile; fileRef = 15203133267A0CBD0060BC24 /* GetSearchUserRequest.swift */; };
		15203138267A12A90060BC24 /* SearchUserAPIGatewayProvider.swift in Sources */ = {isa = PBXBuildFile; fileRef = 15203137267A12A90060BC24 /* SearchUserAPIGatewayProvider.swift */; };
		1520313B267A159B0060BC24 /* SearchUserRepositoryProvider.swift in Sources */ = {isa = PBXBuildFile; fileRef = 1520313A267A159B0060BC24 /* SearchUserRepositoryProvider.swift */; };
		1520313D267A161E0060BC24 /* SearchUserUseCase.swift in Sources */ = {isa = PBXBuildFile; fileRef = 1520313C267A161E0060BC24 /* SearchUserUseCase.swift */; };
		15203140267A180F0060BC24 /* SearchUserBuilder.swift in Sources */ = {isa = PBXBuildFile; fileRef = 1520313F267A180F0060BC24 /* SearchUserBuilder.swift */; };
		15203143267A18510060BC24 /* SearchUserWireframe.swift in Sources */ = {isa = PBXBuildFile; fileRef = 15203142267A18510060BC24 /* SearchUserWireframe.swift */; };
		15203148267A1DBC0060BC24 /* WebDetailBuilder.swift in Sources */ = {isa = PBXBuildFile; fileRef = 15203147267A1DBC0060BC24 /* WebDetailBuilder.swift */; };
		1520314C267A1E0F0060BC24 /* WebDetailWireframe.swift in Sources */ = {isa = PBXBuildFile; fileRef = 1520314A267A1E0F0060BC24 /* WebDetailWireframe.swift */; };
		15203151267A21AA0060BC24 /* TransitToWebDetailWireframe.swift in Sources */ = {isa = PBXBuildFile; fileRef = 15203150267A21AA0060BC24 /* TransitToWebDetailWireframe.swift */; };
		15203153267A21F10060BC24 /* TransitToSearchUserWireframe.swift in Sources */ = {isa = PBXBuildFile; fileRef = 15203152267A21F10060BC24 /* TransitToSearchUserWireframe.swift */; };
		1537414C26CB5A35003AE1E9 /* Alamofire+.swift in Sources */ = {isa = PBXBuildFile; fileRef = 1537414B26CB5A35003AE1E9 /* Alamofire+.swift */; };
		7F10B223244B399200D72141 /* UserTableViewCell.swift in Sources */ = {isa = PBXBuildFile; fileRef = 7F10B221244B399200D72141 /* UserTableViewCell.swift */; };
		7F10B224244B399200D72141 /* UserTableViewCell.xib in Resources */ = {isa = PBXBuildFile; fileRef = 7F10B222244B399200D72141 /* UserTableViewCell.xib */; };
		7F10B229244B563300D72141 /* User.swift in Sources */ = {isa = PBXBuildFile; fileRef = 7F10B228244B563300D72141 /* User.swift */; };
		7F10B22B244C3C8D00D72141 /* Response.swift in Sources */ = {isa = PBXBuildFile; fileRef = 7F10B22A244C3C8D00D72141 /* Response.swift */; };
		7F79425A245AFC6D008DE3A8 /* WebKit.framework in Frameworks */ = {isa = PBXBuildFile; fileRef = 7F794259245AFC6D008DE3A8 /* WebKit.framework */; };
		7FE95ED0244AEC74000D150E /* AppDelegate.swift in Sources */ = {isa = PBXBuildFile; fileRef = 7FE95ECF244AEC74000D150E /* AppDelegate.swift */; };
		7FE95ED9244AEC78000D150E /* Assets.xcassets in Resources */ = {isa = PBXBuildFile; fileRef = 7FE95ED8244AEC78000D150E /* Assets.xcassets */; };
		7FE95EDC244AEC78000D150E /* LaunchScreen.storyboard in Resources */ = {isa = PBXBuildFile; fileRef = 7FE95EDA244AEC78000D150E /* LaunchScreen.storyboard */; };
		7FE95EE5244AF1E7000D150E /* SearchUser.storyboard in Resources */ = {isa = PBXBuildFile; fileRef = 7FE95EE4244AF1E7000D150E /* SearchUser.storyboard */; };
		7FE95EE7244AF1FB000D150E /* SearchUserViewController.swift in Sources */ = {isa = PBXBuildFile; fileRef = 7FE95EE6244AF1FB000D150E /* SearchUserViewController.swift */; };
		7FE95EF1244AF69E000D150E /* R.generated.swift in Sources */ = {isa = PBXBuildFile; fileRef = 7FE95EF0244AF69E000D150E /* R.generated.swift */; };
		7FEAB45D244E118B0002E421 /* AddBorderConfig.swift in Sources */ = {isa = PBXBuildFile; fileRef = 7FEAB45C244E118B0002E421 /* AddBorderConfig.swift */; };
		7FF1A131244C78BE006586C8 /* WebDetail.storyboard in Resources */ = {isa = PBXBuildFile; fileRef = 7FF1A130244C78BE006586C8 /* WebDetail.storyboard */; };
		7FF1A133244C7AD0006586C8 /* WebDetailViewController.swift in Sources */ = {isa = PBXBuildFile; fileRef = 7FF1A132244C7AD0006586C8 /* WebDetailViewController.swift */; };
		7FF1A13B244DE136006586C8 /* AlertError.swift in Sources */ = {isa = PBXBuildFile; fileRef = 7FF1A13A244DE136006586C8 /* AlertError.swift */; };
		7FF1A13D244DE158006586C8 /* ShowNetworkIndicator.swift in Sources */ = {isa = PBXBuildFile; fileRef = 7FF1A13C244DE158006586C8 /* ShowNetworkIndicator.swift */; };
		C0AE0392592EDB419BB75BDD /* Pods_GithubSearchUser.framework in Frameworks */ = {isa = PBXBuildFile; fileRef = EAC9AA5D0F1DDF6936669359 /* Pods_GithubSearchUser.framework */; };
/* End PBXBuildFile section */

/* Begin PBXFileReference section */
		152031302679FF520060BC24 /* Requestable.swift */ = {isa = PBXFileReference; lastKnownFileType = sourcecode.swift; path = Requestable.swift; sourceTree = "<group>"; };
		15203133267A0CBD0060BC24 /* GetSearchUserRequest.swift */ = {isa = PBXFileReference; lastKnownFileType = sourcecode.swift; path = GetSearchUserRequest.swift; sourceTree = "<group>"; };
		15203137267A12A90060BC24 /* SearchUserAPIGatewayProvider.swift */ = {isa = PBXFileReference; lastKnownFileType = sourcecode.swift; path = SearchUserAPIGatewayProvider.swift; sourceTree = "<group>"; };
		1520313A267A159B0060BC24 /* SearchUserRepositoryProvider.swift */ = {isa = PBXFileReference; lastKnownFileType = sourcecode.swift; path = SearchUserRepositoryProvider.swift; sourceTree = "<group>"; };
		1520313C267A161E0060BC24 /* SearchUserUseCase.swift */ = {isa = PBXFileReference; lastKnownFileType = sourcecode.swift; path = SearchUserUseCase.swift; sourceTree = "<group>"; };
		1520313F267A180F0060BC24 /* SearchUserBuilder.swift */ = {isa = PBXFileReference; lastKnownFileType = sourcecode.swift; path = SearchUserBuilder.swift; sourceTree = "<group>"; };
		15203142267A18510060BC24 /* SearchUserWireframe.swift */ = {isa = PBXFileReference; lastKnownFileType = sourcecode.swift; path = SearchUserWireframe.swift; sourceTree = "<group>"; };
		15203147267A1DBC0060BC24 /* WebDetailBuilder.swift */ = {isa = PBXFileReference; lastKnownFileType = sourcecode.swift; path = WebDetailBuilder.swift; sourceTree = "<group>"; };
		1520314A267A1E0F0060BC24 /* WebDetailWireframe.swift */ = {isa = PBXFileReference; lastKnownFileType = sourcecode.swift; path = WebDetailWireframe.swift; sourceTree = "<group>"; };
		15203150267A21AA0060BC24 /* TransitToWebDetailWireframe.swift */ = {isa = PBXFileReference; lastKnownFileType = sourcecode.swift; path = TransitToWebDetailWireframe.swift; sourceTree = "<group>"; };
		15203152267A21F10060BC24 /* TransitToSearchUserWireframe.swift */ = {isa = PBXFileReference; lastKnownFileType = sourcecode.swift; path = TransitToSearchUserWireframe.swift; sourceTree = "<group>"; };
		1537414B26CB5A35003AE1E9 /* Alamofire+.swift */ = {isa = PBXFileReference; lastKnownFileType = sourcecode.swift; path = "Alamofire+.swift"; sourceTree = "<group>"; };
		3EC1A5106341DC6EAC75D5F1 /* Pods-GithubSearchUser.debug.xcconfig */ = {isa = PBXFileReference; includeInIndex = 1; lastKnownFileType = text.xcconfig; name = "Pods-GithubSearchUser.debug.xcconfig"; path = "Target Support Files/Pods-GithubSearchUser/Pods-GithubSearchUser.debug.xcconfig"; sourceTree = "<group>"; };
		7F10B221244B399200D72141 /* UserTableViewCell.swift */ = {isa = PBXFileReference; lastKnownFileType = sourcecode.swift; path = UserTableViewCell.swift; sourceTree = "<group>"; };
		7F10B222244B399200D72141 /* UserTableViewCell.xib */ = {isa = PBXFileReference; lastKnownFileType = file.xib; path = UserTableViewCell.xib; sourceTree = "<group>"; };
		7F10B228244B563300D72141 /* User.swift */ = {isa = PBXFileReference; lastKnownFileType = sourcecode.swift; path = User.swift; sourceTree = "<group>"; };
		7F10B22A244C3C8D00D72141 /* Response.swift */ = {isa = PBXFileReference; lastKnownFileType = sourcecode.swift; path = Response.swift; sourceTree = "<group>"; };
		7F794259245AFC6D008DE3A8 /* WebKit.framework */ = {isa = PBXFileReference; lastKnownFileType = wrapper.framework; name = WebKit.framework; path = System/Library/Frameworks/WebKit.framework; sourceTree = SDKROOT; };
		7FE95ECC244AEC74000D150E /* GithubSearchUser.app */ = {isa = PBXFileReference; explicitFileType = wrapper.application; includeInIndex = 0; path = GithubSearchUser.app; sourceTree = BUILT_PRODUCTS_DIR; };
		7FE95ECF244AEC74000D150E /* AppDelegate.swift */ = {isa = PBXFileReference; lastKnownFileType = sourcecode.swift; path = AppDelegate.swift; sourceTree = "<group>"; };
		7FE95ED8244AEC78000D150E /* Assets.xcassets */ = {isa = PBXFileReference; lastKnownFileType = folder.assetcatalog; path = Assets.xcassets; sourceTree = "<group>"; };
		7FE95EDB244AEC78000D150E /* Base */ = {isa = PBXFileReference; lastKnownFileType = file.storyboard; name = Base; path = Base.lproj/LaunchScreen.storyboard; sourceTree = "<group>"; };
		7FE95EDD244AEC78000D150E /* Info.plist */ = {isa = PBXFileReference; lastKnownFileType = text.plist.xml; path = Info.plist; sourceTree = "<group>"; };
		7FE95EE4244AF1E7000D150E /* SearchUser.storyboard */ = {isa = PBXFileReference; lastKnownFileType = file.storyboard; path = SearchUser.storyboard; sourceTree = "<group>"; };
		7FE95EE6244AF1FB000D150E /* SearchUserViewController.swift */ = {isa = PBXFileReference; lastKnownFileType = sourcecode.swift; path = SearchUserViewController.swift; sourceTree = "<group>"; };
		7FE95EF0244AF69E000D150E /* R.generated.swift */ = {isa = PBXFileReference; fileEncoding = 4; lastKnownFileType = sourcecode.swift; path = R.generated.swift; sourceTree = "<group>"; };
		7FEAB45C244E118B0002E421 /* AddBorderConfig.swift */ = {isa = PBXFileReference; lastKnownFileType = sourcecode.swift; path = AddBorderConfig.swift; sourceTree = "<group>"; };
		7FF1A130244C78BE006586C8 /* WebDetail.storyboard */ = {isa = PBXFileReference; lastKnownFileType = file.storyboard; path = WebDetail.storyboard; sourceTree = "<group>"; };
		7FF1A132244C7AD0006586C8 /* WebDetailViewController.swift */ = {isa = PBXFileReference; lastKnownFileType = sourcecode.swift; path = WebDetailViewController.swift; sourceTree = "<group>"; };
		7FF1A13A244DE136006586C8 /* AlertError.swift */ = {isa = PBXFileReference; lastKnownFileType = sourcecode.swift; path = AlertError.swift; sourceTree = "<group>"; };
		7FF1A13C244DE158006586C8 /* ShowNetworkIndicator.swift */ = {isa = PBXFileReference; lastKnownFileType = sourcecode.swift; path = ShowNetworkIndicator.swift; sourceTree = "<group>"; };
		B43AD78C0748550C1D01F66D /* Pods-GithubSearchUser.release.xcconfig */ = {isa = PBXFileReference; includeInIndex = 1; lastKnownFileType = text.xcconfig; name = "Pods-GithubSearchUser.release.xcconfig"; path = "Target Support Files/Pods-GithubSearchUser/Pods-GithubSearchUser.release.xcconfig"; sourceTree = "<group>"; };
		EAC9AA5D0F1DDF6936669359 /* Pods_GithubSearchUser.framework */ = {isa = PBXFileReference; explicitFileType = wrapper.framework; includeInIndex = 0; path = Pods_GithubSearchUser.framework; sourceTree = BUILT_PRODUCTS_DIR; };
/* End PBXFileReference section */

/* Begin PBXFrameworksBuildPhase section */
		7FE95EC9244AEC74000D150E /* Frameworks */ = {
			isa = PBXFrameworksBuildPhase;
			buildActionMask = 2147483647;
			files = (
				7F79425A245AFC6D008DE3A8 /* WebKit.framework in Frameworks */,
				C0AE0392592EDB419BB75BDD /* Pods_GithubSearchUser.framework in Frameworks */,
			);
			runOnlyForDeploymentPostprocessing = 0;
		};
/* End PBXFrameworksBuildPhase section */

/* Begin PBXGroup section */
		14413F0631DC8C535C697234 /* Pods */ = {
			isa = PBXGroup;
			children = (
				3EC1A5106341DC6EAC75D5F1 /* Pods-GithubSearchUser.debug.xcconfig */,
				B43AD78C0748550C1D01F66D /* Pods-GithubSearchUser.release.xcconfig */,
			);
			path = Pods;
			sourceTree = "<group>";
		};
		152031222679D9870060BC24 /* Datasource */ = {
			isa = PBXGroup;
			children = (
				15203135267A12800060BC24 /* Gateways */,
				7F10B226244B560D00D72141 /* APIs */,
			);
			path = Datasource;
			sourceTree = "<group>";
		};
		152031232679D98F0060BC24 /* Domains */ = {
			isa = PBXGroup;
			children = (
				152031262679DA0B0060BC24 /* UseCases */,
				152031252679D9F80060BC24 /* Models */,
			);
			path = Domains;
			sourceTree = "<group>";
		};
		152031242679D9EC0060BC24 /* Applications */ = {
			isa = PBXGroup;
			children = (
				7FE95ECF244AEC74000D150E /* AppDelegate.swift */,
			);
			path = Applications;
			sourceTree = "<group>";
		};
		152031252679D9F80060BC24 /* Models */ = {
			isa = PBXGroup;
			children = (
			);
			path = Models;
			sourceTree = "<group>";
		};
		152031262679DA0B0060BC24 /* UseCases */ = {
			isa = PBXGroup;
			children = (
				1520313C267A161E0060BC24 /* SearchUserUseCase.swift */,
			);
			path = UseCases;
			sourceTree = "<group>";
		};
		152031272679DA360060BC24 /* Libraries */ = {
			isa = PBXGroup;
			children = (
				152031282679DA3D0060BC24 /* Extensions */,
			);
			path = Libraries;
			sourceTree = "<group>";
		};
		152031282679DA3D0060BC24 /* Extensions */ = {
			isa = PBXGroup;
			children = (
				7FEAB45C244E118B0002E421 /* AddBorderConfig.swift */,
				1537414B26CB5A35003AE1E9 /* Alamofire+.swift */,
			);
			path = Extensions;
			sourceTree = "<group>";
		};
		152031292679DA800060BC24 /* Presenters */ = {
			isa = PBXGroup;
			children = (
				1520312B2679DC910060BC24 /* LaunchScreen */,
				7FE95EE3244AF1C2000D150E /* SearchUser */,
				7FF1A12E244C7874006586C8 /* WebDetail */,
			);
			path = Presenters;
			sourceTree = "<group>";
		};
		1520312A2679DA9F0060BC24 /* Resources */ = {
			isa = PBXGroup;
			children = (
				1520312D2679F85C0060BC24 /* generated */,
				7FE95ED8244AEC78000D150E /* Assets.xcassets */,
			);
			path = Resources;
			sourceTree = "<group>";
		};
		1520312B2679DC910060BC24 /* LaunchScreen */ = {
			isa = PBXGroup;
			children = (
				1520312C2679DCA40060BC24 /* View */,
			);
			path = LaunchScreen;
			sourceTree = "<group>";
		};
		1520312C2679DCA40060BC24 /* View */ = {
			isa = PBXGroup;
			children = (
				7FE95EDA244AEC78000D150E /* LaunchScreen.storyboard */,
			);
			path = View;
			sourceTree = "<group>";
		};
		1520312D2679F85C0060BC24 /* generated */ = {
			isa = PBXGroup;
			children = (
				7FE95EF0244AF69E000D150E /* R.generated.swift */,
			);
			path = generated;
			sourceTree = "<group>";
		};
		15203132267A0CA30060BC24 /* Requests */ = {
			isa = PBXGroup;
			children = (
				15203133267A0CBD0060BC24 /* GetSearchUserRequest.swift */,
			);
			path = Requests;
			sourceTree = "<group>";
		};
		15203135267A12800060BC24 /* Gateways */ = {
			isa = PBXGroup;
			children = (
				15203136267A12950060BC24 /* APIs */,
			);
			path = Gateways;
			sourceTree = "<group>";
		};
		15203136267A12950060BC24 /* APIs */ = {
			isa = PBXGroup;
			children = (
				15203137267A12A90060BC24 /* SearchUserAPIGatewayProvider.swift */,
			);
			path = APIs;
			sourceTree = "<group>";
		};
		15203139267A15850060BC24 /* Repositories */ = {
			isa = PBXGroup;
			children = (
				1520313A267A159B0060BC24 /* SearchUserRepositoryProvider.swift */,
			);
			path = Repositories;
			sourceTree = "<group>";
		};
		1520313E267A17F80060BC24 /* Builder */ = {
			isa = PBXGroup;
			children = (
				1520313F267A180F0060BC24 /* SearchUserBuilder.swift */,
			);
			path = Builder;
			sourceTree = "<group>";
		};
		15203141267A18360060BC24 /* Wireframe */ = {
			isa = PBXGroup;
			children = (
				15203142267A18510060BC24 /* SearchUserWireframe.swift */,
				15203152267A21F10060BC24 /* TransitToSearchUserWireframe.swift */,
			);
			path = Wireframe;
			sourceTree = "<group>";
		};
		15203144267A1ADB0060BC24 /* Parts */ = {
			isa = PBXGroup;
			children = (
				7F10B220244B396B00D72141 /* UserCell */,
			);
			path = Parts;
			sourceTree = "<group>";
		};
		15203145267A1AF50060BC24 /* Builder */ = {
			isa = PBXGroup;
			children = (
				15203147267A1DBC0060BC24 /* WebDetailBuilder.swift */,
			);
			path = Builder;
			sourceTree = "<group>";
		};
		15203146267A1AFB0060BC24 /* Wireframe */ = {
			isa = PBXGroup;
			children = (
				1520314A267A1E0F0060BC24 /* WebDetailWireframe.swift */,
				15203150267A21AA0060BC24 /* TransitToWebDetailWireframe.swift */,
			);
			path = Wireframe;
			sourceTree = "<group>";
		};
		44E5E463EDDD41215D9A76A7 /* Frameworks */ = {
			isa = PBXGroup;
			children = (
				7F794259245AFC6D008DE3A8 /* WebKit.framework */,
				EAC9AA5D0F1DDF6936669359 /* Pods_GithubSearchUser.framework */,
			);
			name = Frameworks;
			sourceTree = "<group>";
		};
		7F10B220244B396B00D72141 /* UserCell */ = {
			isa = PBXGroup;
			children = (
				7F10B222244B399200D72141 /* UserTableViewCell.xib */,
				7F10B221244B399200D72141 /* UserTableViewCell.swift */,
			);
			path = UserCell;
			sourceTree = "<group>";
		};
		7F10B226244B560D00D72141 /* APIs */ = {
			isa = PBXGroup;
			children = (
				15203132267A0CA30060BC24 /* Requests */,
				7F10B227244B562000D72141 /* Entities */,
				152031302679FF520060BC24 /* Requestable.swift */,
			);
			path = APIs;
			sourceTree = "<group>";
		};
		7F10B227244B562000D72141 /* Entities */ = {
			isa = PBXGroup;
			children = (
				7F10B228244B563300D72141 /* User.swift */,
				7F10B22A244C3C8D00D72141 /* Response.swift */,
			);
			path = Entities;
			sourceTree = "<group>";
		};
		7FE95EC3244AEC74000D150E = {
			isa = PBXGroup;
			children = (
				152031222679D9870060BC24 /* Datasource */,
				7FE95ECE244AEC74000D150E /* GithubSearchUser */,
				7FE95ECD244AEC74000D150E /* Products */,
				14413F0631DC8C535C697234 /* Pods */,
				44E5E463EDDD41215D9A76A7 /* Frameworks */,
			);
			sourceTree = "<group>";
		};
		7FE95ECD244AEC74000D150E /* Products */ = {
			isa = PBXGroup;
			children = (
				7FE95ECC244AEC74000D150E /* GithubSearchUser.app */,
			);
			name = Products;
			sourceTree = "<group>";
		};
		7FE95ECE244AEC74000D150E /* GithubSearchUser */ = {
			isa = PBXGroup;
			children = (
				15203139267A15850060BC24 /* Repositories */,
				7FE95EDD244AEC78000D150E /* Info.plist */,
				1520312A2679DA9F0060BC24 /* Resources */,
				152031292679DA800060BC24 /* Presenters */,
				152031272679DA360060BC24 /* Libraries */,
				152031242679D9EC0060BC24 /* Applications */,
				152031232679D98F0060BC24 /* Domains */,
				7FF1A139244DE124006586C8 /* Protocol */,
			);
			path = GithubSearchUser;
			sourceTree = "<group>";
		};
		7FE95EE3244AF1C2000D150E /* SearchUser */ = {
			isa = PBXGroup;
			children = (
				15203141267A18360060BC24 /* Wireframe */,
				1520313E267A17F80060BC24 /* Builder */,
				7FE95EE8244AF202000D150E /* ViewController */,
			);
			path = SearchUser;
			sourceTree = "<group>";
		};
		7FE95EE8244AF202000D150E /* ViewController */ = {
			isa = PBXGroup;
			children = (
				15203144267A1ADB0060BC24 /* Parts */,
				7FE95EE4244AF1E7000D150E /* SearchUser.storyboard */,
				7FE95EE6244AF1FB000D150E /* SearchUserViewController.swift */,
			);
			path = ViewController;
			sourceTree = "<group>";
		};
		7FF1A12E244C7874006586C8 /* WebDetail */ = {
			isa = PBXGroup;
			children = (
				15203146267A1AFB0060BC24 /* Wireframe */,
				15203145267A1AF50060BC24 /* Builder */,
				7FF1A12F244C78B0006586C8 /* ViewController */,
			);
			path = WebDetail;
			sourceTree = "<group>";
		};
		7FF1A12F244C78B0006586C8 /* ViewController */ = {
			isa = PBXGroup;
			children = (
				7FF1A130244C78BE006586C8 /* WebDetail.storyboard */,
				7FF1A132244C7AD0006586C8 /* WebDetailViewController.swift */,
			);
			path = ViewController;
			sourceTree = "<group>";
		};
		7FF1A139244DE124006586C8 /* Protocol */ = {
			isa = PBXGroup;
			children = (
				7FF1A13A244DE136006586C8 /* AlertError.swift */,
				7FF1A13C244DE158006586C8 /* ShowNetworkIndicator.swift */,
			);
			path = Protocol;
			sourceTree = "<group>";
		};
/* End PBXGroup section */

/* Begin PBXNativeTarget section */
		7FE95ECB244AEC74000D150E /* GithubSearchUser */ = {
			isa = PBXNativeTarget;
			buildConfigurationList = 7FE95EE0244AEC78000D150E /* Build configuration list for PBXNativeTarget "GithubSearchUser" */;
			buildPhases = (
				B5746B56B31F9A9B74BE7F9F /* [CP] Check Pods Manifest.lock */,
				7FE95EEF244AF5BE000D150E /* Run Script */,
				7FE95EC8244AEC74000D150E /* Sources */,
				7FE95EC9244AEC74000D150E /* Frameworks */,
				7FE95ECA244AEC74000D150E /* Resources */,
				8B1AA92BF3C21763948D8230 /* [CP] Embed Pods Frameworks */,
				7FE95EF2244B009A000D150E /* Run SwiftLint */,
			);
			buildRules = (
			);
			dependencies = (
			);
			name = GithubSearchUser;
			productName = GithubSearchUser;
			productReference = 7FE95ECC244AEC74000D150E /* GithubSearchUser.app */;
			productType = "com.apple.product-type.application";
		};
/* End PBXNativeTarget section */

/* Begin PBXProject section */
		7FE95EC4244AEC74000D150E /* Project object */ = {
			isa = PBXProject;
			attributes = {
				LastSwiftUpdateCheck = 1140;
				LastUpgradeCheck = 1140;
				ORGANIZATIONNAME = TOKIYA;
				TargetAttributes = {
					7FE95ECB244AEC74000D150E = {
						CreatedOnToolsVersion = 11.4.1;
					};
				};
			};
			buildConfigurationList = 7FE95EC7244AEC74000D150E /* Build configuration list for PBXProject "GithubSearchUser" */;
			compatibilityVersion = "Xcode 9.3";
			developmentRegion = en;
			hasScannedForEncodings = 0;
			knownRegions = (
				en,
				Base,
			);
			mainGroup = 7FE95EC3244AEC74000D150E;
			productRefGroup = 7FE95ECD244AEC74000D150E /* Products */;
			projectDirPath = "";
			projectRoot = "";
			targets = (
				7FE95ECB244AEC74000D150E /* GithubSearchUser */,
			);
		};
/* End PBXProject section */

/* Begin PBXResourcesBuildPhase section */
		7FE95ECA244AEC74000D150E /* Resources */ = {
			isa = PBXResourcesBuildPhase;
			buildActionMask = 2147483647;
			files = (
				7FF1A131244C78BE006586C8 /* WebDetail.storyboard in Resources */,
				7F10B224244B399200D72141 /* UserTableViewCell.xib in Resources */,
				7FE95EDC244AEC78000D150E /* LaunchScreen.storyboard in Resources */,
				7FE95EE5244AF1E7000D150E /* SearchUser.storyboard in Resources */,
				7FE95ED9244AEC78000D150E /* Assets.xcassets in Resources */,
			);
			runOnlyForDeploymentPostprocessing = 0;
		};
/* End PBXResourcesBuildPhase section */

/* Begin PBXShellScriptBuildPhase section */
		7FE95EEF244AF5BE000D150E /* Run Script */ = {
			isa = PBXShellScriptBuildPhase;
			buildActionMask = 2147483647;
			files = (
			);
			inputFileListPaths = (
			);
			inputPaths = (
				"$TEMP_DIR/rswift-lastrun",
			);
			name = "Run Script";
			outputFileListPaths = (
			);
			outputPaths = (
				$SRCROOT/$PROJECT_NAME/Resources/generated/R.generated.swift,
			);
			runOnlyForDeploymentPostprocessing = 0;
			shellPath = /bin/sh;
			shellScript = "\"$PODS_ROOT/R.swift/rswift\" generate \"$SRCROOT/$PROJECT_NAME/Resources/generated/R.generated.swift\"\n";
		};
		7FE95EF2244B009A000D150E /* Run SwiftLint */ = {
			isa = PBXShellScriptBuildPhase;
			buildActionMask = 2147483647;
			files = (
			);
			inputFileListPaths = (
			);
			inputPaths = (
			);
			name = "Run SwiftLint";
			outputFileListPaths = (
			);
			outputPaths = (
			);
			runOnlyForDeploymentPostprocessing = 0;
			shellPath = /bin/sh;
			shellScript = "if which swiftlint >/dev/null; then\n    swiftlint autocorrect --format\n    swiftlint\nelse\n    echo \"SwiftLint does not exist, download from https://github.com/realm/SwiftLint\"\nfi\n\n";
		};
		8B1AA92BF3C21763948D8230 /* [CP] Embed Pods Frameworks */ = {
			isa = PBXShellScriptBuildPhase;
			buildActionMask = 2147483647;
			files = (
			);
			inputFileListPaths = (
				"${PODS_ROOT}/Target Support Files/Pods-GithubSearchUser/Pods-GithubSearchUser-frameworks-${CONFIGURATION}-input-files.xcfilelist",
			);
			name = "[CP] Embed Pods Frameworks";
			outputFileListPaths = (
				"${PODS_ROOT}/Target Support Files/Pods-GithubSearchUser/Pods-GithubSearchUser-frameworks-${CONFIGURATION}-output-files.xcfilelist",
			);
			runOnlyForDeploymentPostprocessing = 0;
			shellPath = /bin/sh;
			shellScript = "\"${PODS_ROOT}/Target Support Files/Pods-GithubSearchUser/Pods-GithubSearchUser-frameworks.sh\"\n";
			showEnvVarsInLog = 0;
		};
		B5746B56B31F9A9B74BE7F9F /* [CP] Check Pods Manifest.lock */ = {
			isa = PBXShellScriptBuildPhase;
			buildActionMask = 2147483647;
			files = (
			);
			inputFileListPaths = (
			);
			inputPaths = (
				"${PODS_PODFILE_DIR_PATH}/Podfile.lock",
				"${PODS_ROOT}/Manifest.lock",
			);
			name = "[CP] Check Pods Manifest.lock";
			outputFileListPaths = (
			);
			outputPaths = (
				"$(DERIVED_FILE_DIR)/Pods-GithubSearchUser-checkManifestLockResult.txt",
			);
			runOnlyForDeploymentPostprocessing = 0;
			shellPath = /bin/sh;
			shellScript = "diff \"${PODS_PODFILE_DIR_PATH}/Podfile.lock\" \"${PODS_ROOT}/Manifest.lock\" > /dev/null\nif [ $? != 0 ] ; then\n    # print error to STDERR\n    echo \"error: The sandbox is not in sync with the Podfile.lock. Run 'pod install' or update your CocoaPods installation.\" >&2\n    exit 1\nfi\n# This output is used by Xcode 'outputs' to avoid re-running this script phase.\necho \"SUCCESS\" > \"${SCRIPT_OUTPUT_FILE_0}\"\n";
			showEnvVarsInLog = 0;
		};
/* End PBXShellScriptBuildPhase section */

/* Begin PBXSourcesBuildPhase section */
		7FE95EC8244AEC74000D150E /* Sources */ = {
			isa = PBXSourcesBuildPhase;
			buildActionMask = 2147483647;
			files = (
				7FEAB45D244E118B0002E421 /* AddBorderConfig.swift in Sources */,
				1520313B267A159B0060BC24 /* SearchUserRepositoryProvider.swift in Sources */,
				152031312679FF520060BC24 /* Requestable.swift in Sources */,
				7F10B22B244C3C8D00D72141 /* Response.swift in Sources */,
				7FE95ED0244AEC74000D150E /* AppDelegate.swift in Sources */,
				15203148267A1DBC0060BC24 /* WebDetailBuilder.swift in Sources */,
				1520313D267A161E0060BC24 /* SearchUserUseCase.swift in Sources */,
				15203140267A180F0060BC24 /* SearchUserBuilder.swift in Sources */,
				7FE95EE7244AF1FB000D150E /* SearchUserViewController.swift in Sources */,
				7F10B223244B399200D72141 /* UserTableViewCell.swift in Sources */,
				15203143267A18510060BC24 /* SearchUserWireframe.swift in Sources */,
				7FF1A13B244DE136006586C8 /* AlertError.swift in Sources */,
				1537414C26CB5A35003AE1E9 /* Alamofire+.swift in Sources */,
				15203153267A21F10060BC24 /* TransitToSearchUserWireframe.swift in Sources */,
				7FE95EF1244AF69E000D150E /* R.generated.swift in Sources */,
				1520314C267A1E0F0060BC24 /* WebDetailWireframe.swift in Sources */,
				7FF1A133244C7AD0006586C8 /* WebDetailViewController.swift in Sources */,
				7FF1A13D244DE158006586C8 /* ShowNetworkIndicator.swift in Sources */,
				15203138267A12A90060BC24 /* SearchUserAPIGatewayProvider.swift in Sources */,
				15203134267A0CBD0060BC24 /* GetSearchUserRequest.swift in Sources */,
				7F10B229244B563300D72141 /* User.swift in Sources */,
				15203151267A21AA0060BC24 /* TransitToWebDetailWireframe.swift in Sources */,
			);
			runOnlyForDeploymentPostprocessing = 0;
		};
/* End PBXSourcesBuildPhase section */

/* Begin PBXVariantGroup section */
		7FE95EDA244AEC78000D150E /* LaunchScreen.storyboard */ = {
			isa = PBXVariantGroup;
			children = (
				7FE95EDB244AEC78000D150E /* Base */,
			);
			name = LaunchScreen.storyboard;
			sourceTree = "<group>";
		};
/* End PBXVariantGroup section */

/* Begin XCBuildConfiguration section */
		7FE95EDE244AEC78000D150E /* Debug */ = {
			isa = XCBuildConfiguration;
			buildSettings = {
				ALWAYS_SEARCH_USER_PATHS = NO;
				CLANG_ANALYZER_NONNULL = YES;
				CLANG_ANALYZER_NUMBER_OBJECT_CONVERSION = YES_AGGRESSIVE;
				CLANG_CXX_LANGUAGE_STANDARD = "gnu++14";
				CLANG_CXX_LIBRARY = "libc++";
				CLANG_ENABLE_MODULES = YES;
				CLANG_ENABLE_OBJC_ARC = YES;
				CLANG_ENABLE_OBJC_WEAK = YES;
				CLANG_WARN_BLOCK_CAPTURE_AUTORELEASING = YES;
				CLANG_WARN_BOOL_CONVERSION = YES;
				CLANG_WARN_COMMA = YES;
				CLANG_WARN_CONSTANT_CONVERSION = YES;
				CLANG_WARN_DEPRECATED_OBJC_IMPLEMENTATIONS = YES;
				CLANG_WARN_DIRECT_OBJC_ISA_USAGE = YES_ERROR;
				CLANG_WARN_DOCUMENTATION_COMMENTS = YES;
				CLANG_WARN_EMPTY_BODY = YES;
				CLANG_WARN_ENUM_CONVERSION = YES;
				CLANG_WARN_INFINITE_RECURSION = YES;
				CLANG_WARN_INT_CONVERSION = YES;
				CLANG_WARN_NON_LITERAL_NULL_CONVERSION = YES;
				CLANG_WARN_OBJC_IMPLICIT_RETAIN_SELF = YES;
				CLANG_WARN_OBJC_LITERAL_CONVERSION = YES;
				CLANG_WARN_OBJC_ROOT_CLASS = YES_ERROR;
				CLANG_WARN_RANGE_LOOP_ANALYSIS = YES;
				CLANG_WARN_STRICT_PROTOTYPES = YES;
				CLANG_WARN_SUSPICIOUS_MOVE = YES;
				CLANG_WARN_UNGUARDED_AVAILABILITY = YES_AGGRESSIVE;
				CLANG_WARN_UNREACHABLE_CODE = YES;
				CLANG_WARN__DUPLICATE_METHOD_MATCH = YES;
				COPY_PHASE_STRIP = NO;
				DEBUG_INFORMATION_FORMAT = dwarf;
				ENABLE_STRICT_OBJC_MSGSEND = YES;
				ENABLE_TESTABILITY = YES;
				GCC_C_LANGUAGE_STANDARD = gnu11;
				GCC_DYNAMIC_NO_PIC = NO;
				GCC_NO_COMMON_BLOCKS = YES;
				GCC_OPTIMIZATION_LEVEL = 0;
				GCC_PREPROCESSOR_DEFINITIONS = (
					"DEBUG=1",
					"$(inherited)",
				);
				GCC_WARN_64_TO_32_BIT_CONVERSION = YES;
				GCC_WARN_ABOUT_RETURN_TYPE = YES_ERROR;
				GCC_WARN_UNDECLARED_SELECTOR = YES;
				GCC_WARN_UNINITIALIZED_AUTOS = YES_AGGRESSIVE;
				GCC_WARN_UNUSED_FUNCTION = YES;
				GCC_WARN_UNUSED_VARIABLE = YES;
				IPHONEOS_DEPLOYMENT_TARGET = 11.0;
				MTL_ENABLE_DEBUG_INFO = INCLUDE_SOURCE;
				MTL_FAST_MATH = YES;
				ONLY_ACTIVE_ARCH = YES;
				SDKROOT = iphoneos;
				SWIFT_ACTIVE_COMPILATION_CONDITIONS = DEBUG;
				SWIFT_OPTIMIZATION_LEVEL = "-Onone";
			};
			name = Debug;
		};
		7FE95EDF244AEC78000D150E /* Release */ = {
			isa = XCBuildConfiguration;
			buildSettings = {
				ALWAYS_SEARCH_USER_PATHS = NO;
				CLANG_ANALYZER_NONNULL = YES;
				CLANG_ANALYZER_NUMBER_OBJECT_CONVERSION = YES_AGGRESSIVE;
				CLANG_CXX_LANGUAGE_STANDARD = "gnu++14";
				CLANG_CXX_LIBRARY = "libc++";
				CLANG_ENABLE_MODULES = YES;
				CLANG_ENABLE_OBJC_ARC = YES;
				CLANG_ENABLE_OBJC_WEAK = YES;
				CLANG_WARN_BLOCK_CAPTURE_AUTORELEASING = YES;
				CLANG_WARN_BOOL_CONVERSION = YES;
				CLANG_WARN_COMMA = YES;
				CLANG_WARN_CONSTANT_CONVERSION = YES;
				CLANG_WARN_DEPRECATED_OBJC_IMPLEMENTATIONS = YES;
				CLANG_WARN_DIRECT_OBJC_ISA_USAGE = YES_ERROR;
				CLANG_WARN_DOCUMENTATION_COMMENTS = YES;
				CLANG_WARN_EMPTY_BODY = YES;
				CLANG_WARN_ENUM_CONVERSION = YES;
				CLANG_WARN_INFINITE_RECURSION = YES;
				CLANG_WARN_INT_CONVERSION = YES;
				CLANG_WARN_NON_LITERAL_NULL_CONVERSION = YES;
				CLANG_WARN_OBJC_IMPLICIT_RETAIN_SELF = YES;
				CLANG_WARN_OBJC_LITERAL_CONVERSION = YES;
				CLANG_WARN_OBJC_ROOT_CLASS = YES_ERROR;
				CLANG_WARN_RANGE_LOOP_ANALYSIS = YES;
				CLANG_WARN_STRICT_PROTOTYPES = YES;
				CLANG_WARN_SUSPICIOUS_MOVE = YES;
				CLANG_WARN_UNGUARDED_AVAILABILITY = YES_AGGRESSIVE;
				CLANG_WARN_UNREACHABLE_CODE = YES;
				CLANG_WARN__DUPLICATE_METHOD_MATCH = YES;
				COPY_PHASE_STRIP = NO;
				DEBUG_INFORMATION_FORMAT = "dwarf-with-dsym";
				ENABLE_NS_ASSERTIONS = NO;
				ENABLE_STRICT_OBJC_MSGSEND = YES;
				GCC_C_LANGUAGE_STANDARD = gnu11;
				GCC_NO_COMMON_BLOCKS = YES;
				GCC_WARN_64_TO_32_BIT_CONVERSION = YES;
				GCC_WARN_ABOUT_RETURN_TYPE = YES_ERROR;
				GCC_WARN_UNDECLARED_SELECTOR = YES;
				GCC_WARN_UNINITIALIZED_AUTOS = YES_AGGRESSIVE;
				GCC_WARN_UNUSED_FUNCTION = YES;
				GCC_WARN_UNUSED_VARIABLE = YES;
				IPHONEOS_DEPLOYMENT_TARGET = 11.0;
				MTL_ENABLE_DEBUG_INFO = NO;
				MTL_FAST_MATH = YES;
				SDKROOT = iphoneos;
				SWIFT_COMPILATION_MODE = wholemodule;
				SWIFT_OPTIMIZATION_LEVEL = "-O";
				VALIDATE_PRODUCT = YES;
			};
			name = Release;
		};
		7FE95EE1244AEC78000D150E /* Debug */ = {
			isa = XCBuildConfiguration;
			baseConfigurationReference = 3EC1A5106341DC6EAC75D5F1 /* Pods-GithubSearchUser.debug.xcconfig */;
			buildSettings = {
				ASSETCATALOG_COMPILER_APPICON_NAME = AppIcon;
				CODE_SIGN_STYLE = Automatic;
				DEVELOPMENT_TEAM = 2NVJRT84JB;
				INFOPLIST_FILE = GithubSearchUser/Info.plist;
				LD_RUNPATH_SEARCH_PATHS = (
					"$(inherited)",
					"@executable_path/Frameworks",
				);
				PRODUCT_BUNDLE_IDENTIFIER = jp.tokiya.GithubSearchUser;
				PRODUCT_NAME = "$(TARGET_NAME)";
				SWIFT_VERSION = 5.0;
				TARGETED_DEVICE_FAMILY = "1,2";
			};
			name = Debug;
		};
		7FE95EE2244AEC78000D150E /* Release */ = {
			isa = XCBuildConfiguration;
			baseConfigurationReference = B43AD78C0748550C1D01F66D /* Pods-GithubSearchUser.release.xcconfig */;
			buildSettings = {
				ASSETCATALOG_COMPILER_APPICON_NAME = AppIcon;
				CODE_SIGN_STYLE = Automatic;
				DEVELOPMENT_TEAM = 2NVJRT84JB;
				INFOPLIST_FILE = GithubSearchUser/Info.plist;
				LD_RUNPATH_SEARCH_PATHS = (
					"$(inherited)",
					"@executable_path/Frameworks",
				);
				PRODUCT_BUNDLE_IDENTIFIER = jp.tokiya.GithubSearchUser;
				PRODUCT_NAME = "$(TARGET_NAME)";
				SWIFT_VERSION = 5.0;
				TARGETED_DEVICE_FAMILY = "1,2";
			};
			name = Release;
		};
/* End XCBuildConfiguration section */

/* Begin XCConfigurationList section */
		7FE95EC7244AEC74000D150E /* Build configuration list for PBXProject "GithubSearchUser" */ = {
			isa = XCConfigurationList;
			buildConfigurations = (
				7FE95EDE244AEC78000D150E /* Debug */,
				7FE95EDF244AEC78000D150E /* Release */,
			);
			defaultConfigurationIsVisible = 0;
			defaultConfigurationName = Release;
		};
		7FE95EE0244AEC78000D150E /* Build configuration list for PBXNativeTarget "GithubSearchUser" */ = {
			isa = XCConfigurationList;
			buildConfigurations = (
				7FE95EE1244AEC78000D150E /* Debug */,
				7FE95EE2244AEC78000D150E /* Release */,
			);
			defaultConfigurationIsVisible = 0;
			defaultConfigurationName = Release;
		};
/* End XCConfigurationList section */
	};
	rootObject = 7FE95EC4244AEC74000D150E /* Project object */;
}
